github.com/amimof/huego v0.0.0-20191031212646-fbe1857ba8f5 h1:1V7n7R+eiuW0tmBm9p9bBLxJal5w2SQWwxIqYeIYOYY=
github.com/amimof/huego v0.0.0-20191031212646-fbe1857ba8f5/go.mod h1:nMCcq3NaOCremBWna0VKkI91a7hwVumE2dmmeqikgnw=
github.com/jarcoal/httpmock v1.0.4/go.mod h1:ATjnClrvW/3tijVmpL/va5Z3aAyGvqU3gCT8nX0Txik=
